// !$*UTF8*$!
{
	archiveVersion = 1;
	classes = {
	};
	objectVersion = 52;
	objects = {

/* Begin PBXBuildFile section */
		973245B427950E8400CE549D /* HomePageTableViewCell.swift in Sources */ = {isa = PBXBuildFile; fileRef = 973245B327950E8400CE549D /* HomePageTableViewCell.swift */; };
		97BCB0D32791168D00F35FF5 /* SearchResultViewController.swift in Sources */ = {isa = PBXBuildFile; fileRef = 97BCB0D22791168D00F35FF5 /* SearchResultViewController.swift */; };
		97BCB0D52791184600F35FF5 /* SearchResultView.swift in Sources */ = {isa = PBXBuildFile; fileRef = 97BCB0D42791184600F35FF5 /* SearchResultView.swift */; };
		97EC47EA278D7C3B00D98308 /* AppDelegate.swift in Sources */ = {isa = PBXBuildFile; fileRef = 97EC47E9278D7C3B00D98308 /* AppDelegate.swift */; };
		97EC47EC278D7C3B00D98308 /* SceneDelegate.swift in Sources */ = {isa = PBXBuildFile; fileRef = 97EC47EB278D7C3B00D98308 /* SceneDelegate.swift */; };
		97EC47F3278D7C3D00D98308 /* Assets.xcassets in Resources */ = {isa = PBXBuildFile; fileRef = 97EC47F2278D7C3D00D98308 /* Assets.xcassets */; };
		97EC47F6278D7C3D00D98308 /* LaunchScreen.storyboard in Resources */ = {isa = PBXBuildFile; fileRef = 97EC47F4278D7C3D00D98308 /* LaunchScreen.storyboard */; };
		97EC4801278E9D6000D98308 /* HomePageViewController.swift in Sources */ = {isa = PBXBuildFile; fileRef = 97EC4800278E9D6000D98308 /* HomePageViewController.swift */; };
		97EC4803278E9D7C00D98308 /* SuggestViewController.swift in Sources */ = {isa = PBXBuildFile; fileRef = 97EC4802278E9D7C00D98308 /* SuggestViewController.swift */; };
		97EC4805278E9D8C00D98308 /* CommentViewController.swift in Sources */ = {isa = PBXBuildFile; fileRef = 97EC4804278E9D8C00D98308 /* CommentViewController.swift */; };
		97EC4807278E9DA600D98308 /* HomePageView.swift in Sources */ = {isa = PBXBuildFile; fileRef = 97EC4806278E9DA600D98308 /* HomePageView.swift */; };
		97EC4809278E9DB600D98308 /* SuggestView.swift in Sources */ = {isa = PBXBuildFile; fileRef = 97EC4808278E9DB600D98308 /* SuggestView.swift */; };
		97EC480B278E9DC100D98308 /* CommentView.swift in Sources */ = {isa = PBXBuildFile; fileRef = 97EC480A278E9DC100D98308 /* CommentView.swift */; };
		97EC480D278E9DD500D98308 /* Model.swift in Sources */ = {isa = PBXBuildFile; fileRef = 97EC480C278E9DD500D98308 /* Model.swift */; };
		97EC4812278E9F1D00D98308 /* MovieAPI.swift in Sources */ = {isa = PBXBuildFile; fileRef = 97EC4811278E9F1D00D98308 /* MovieAPI.swift */; };
		97EC4814278E9F2C00D98308 /* DataBase.swift in Sources */ = {isa = PBXBuildFile; fileRef = 97EC4813278E9F2C00D98308 /* DataBase.swift */; };
		97EC4819278EC36500D98308 /* HomePageCollectionViewCell.swift in Sources */ = {isa = PBXBuildFile; fileRef = 97EC4818278EC36500D98308 /* HomePageCollectionViewCell.swift */; };
		97EC481B278ECB6600D98308 /* APIKey.swift in Sources */ = {isa = PBXBuildFile; fileRef = 97EC481A278ECB6600D98308 /* APIKey.swift */; };
		97EC481E278ED7D900D98308 /* SnapKit in Frameworks */ = {isa = PBXBuildFile; productRef = 97EC481D278ED7D900D98308 /* SnapKit */; };
/* End PBXBuildFile section */

/* Begin PBXFileReference section */
		973245B327950E8400CE549D /* HomePageTableViewCell.swift */ = {isa = PBXFileReference; lastKnownFileType = sourcecode.swift; path = HomePageTableViewCell.swift; sourceTree = "<group>"; };
		97BCB0D22791168D00F35FF5 /* SearchResultViewController.swift */ = {isa = PBXFileReference; lastKnownFileType = sourcecode.swift; path = SearchResultViewController.swift; sourceTree = "<group>"; };
		97BCB0D42791184600F35FF5 /* SearchResultView.swift */ = {isa = PBXFileReference; lastKnownFileType = sourcecode.swift; path = SearchResultView.swift; sourceTree = "<group>"; };
		97EC47E6278D7C3B00D98308 /* WannaMovieAPP.app */ = {isa = PBXFileReference; explicitFileType = wrapper.application; includeInIndex = 0; path = WannaMovieAPP.app; sourceTree = BUILT_PRODUCTS_DIR; };
		97EC47E9278D7C3B00D98308 /* AppDelegate.swift */ = {isa = PBXFileReference; lastKnownFileType = sourcecode.swift; path = AppDelegate.swift; sourceTree = "<group>"; };
		97EC47EB278D7C3B00D98308 /* SceneDelegate.swift */ = {isa = PBXFileReference; lastKnownFileType = sourcecode.swift; path = SceneDelegate.swift; sourceTree = "<group>"; };
		97EC47F2278D7C3D00D98308 /* Assets.xcassets */ = {isa = PBXFileReference; lastKnownFileType = folder.assetcatalog; path = Assets.xcassets; sourceTree = "<group>"; };
		97EC47F5278D7C3D00D98308 /* Base */ = {isa = PBXFileReference; lastKnownFileType = file.storyboard; name = Base; path = Base.lproj/LaunchScreen.storyboard; sourceTree = "<group>"; };
		97EC47F7278D7C3D00D98308 /* Info.plist */ = {isa = PBXFileReference; lastKnownFileType = text.plist.xml; path = Info.plist; sourceTree = "<group>"; };
		97EC4800278E9D6000D98308 /* HomePageViewController.swift */ = {isa = PBXFileReference; lastKnownFileType = sourcecode.swift; path = HomePageViewController.swift; sourceTree = "<group>"; };
		97EC4802278E9D7C00D98308 /* SuggestViewController.swift */ = {isa = PBXFileReference; lastKnownFileType = sourcecode.swift; path = SuggestViewController.swift; sourceTree = "<group>"; };
		97EC4804278E9D8C00D98308 /* CommentViewController.swift */ = {isa = PBXFileReference; lastKnownFileType = sourcecode.swift; path = CommentViewController.swift; sourceTree = "<group>"; };
		97EC4806278E9DA600D98308 /* HomePageView.swift */ = {isa = PBXFileReference; lastKnownFileType = sourcecode.swift; path = HomePageView.swift; sourceTree = "<group>"; };
		97EC4808278E9DB600D98308 /* SuggestView.swift */ = {isa = PBXFileReference; lastKnownFileType = sourcecode.swift; path = SuggestView.swift; sourceTree = "<group>"; };
		97EC480A278E9DC100D98308 /* CommentView.swift */ = {isa = PBXFileReference; lastKnownFileType = sourcecode.swift; path = CommentView.swift; sourceTree = "<group>"; };
		97EC480C278E9DD500D98308 /* Model.swift */ = {isa = PBXFileReference; lastKnownFileType = sourcecode.swift; path = Model.swift; sourceTree = "<group>"; };
		97EC4811278E9F1D00D98308 /* MovieAPI.swift */ = {isa = PBXFileReference; lastKnownFileType = sourcecode.swift; path = MovieAPI.swift; sourceTree = "<group>"; };
		97EC4813278E9F2C00D98308 /* DataBase.swift */ = {isa = PBXFileReference; lastKnownFileType = sourcecode.swift; path = DataBase.swift; sourceTree = "<group>"; };
		97EC4818278EC36500D98308 /* HomePageCollectionViewCell.swift */ = {isa = PBXFileReference; lastKnownFileType = sourcecode.swift; path = HomePageCollectionViewCell.swift; sourceTree = "<group>"; };
		97EC481A278ECB6600D98308 /* APIKey.swift */ = {isa = PBXFileReference; lastKnownFileType = sourcecode.swift; path = APIKey.swift; sourceTree = "<group>"; };
/* End PBXFileReference section */

/* Begin PBXFrameworksBuildPhase section */
		97EC47E3278D7C3B00D98308 /* Frameworks */ = {
			isa = PBXFrameworksBuildPhase;
			buildActionMask = 2147483647;
			files = (
				97EC481E278ED7D900D98308 /* SnapKit in Frameworks */,
			);
			runOnlyForDeploymentPostprocessing = 0;
		};
/* End PBXFrameworksBuildPhase section */

/* Begin PBXGroup section */
		97EC47DD278D7C3B00D98308 = {
			isa = PBXGroup;
			children = (
				97EC47E8278D7C3B00D98308 /* WannaMovieAPP */,
				97EC47E7278D7C3B00D98308 /* Products */,
			);
			sourceTree = "<group>";
		};
		97EC47E7278D7C3B00D98308 /* Products */ = {
			isa = PBXGroup;
			children = (
				97EC47E6278D7C3B00D98308 /* WannaMovieAPP.app */,
			);
			name = Products;
			sourceTree = "<group>";
		};
		97EC47E8278D7C3B00D98308 /* WannaMovieAPP */ = {
			isa = PBXGroup;
			children = (
				97EC47E9278D7C3B00D98308 /* AppDelegate.swift */,
				97EC47EB278D7C3B00D98308 /* SceneDelegate.swift */,
				97EC481A278ECB6600D98308 /* APIKey.swift */,
				97EC4810278E9EC400D98308 /* MovieAPI */,
				97EC47FF278E9D1900D98308 /* Model */,
				97EC47FE278E9D0900D98308 /* View */,
				97EC47FD278E9CEC00D98308 /* ViewControllers */,
				97EC47F2278D7C3D00D98308 /* Assets.xcassets */,
				97EC480F278E9E2B00D98308 /* CollectionViewCell */,
				97EC480E278E9E0100D98308 /* TableViewCell */,
				97EC47F4278D7C3D00D98308 /* LaunchScreen.storyboard */,
				97EC47F7278D7C3D00D98308 /* Info.plist */,
			);
			path = WannaMovieAPP;
			sourceTree = "<group>";
		};
		97EC47FD278E9CEC00D98308 /* ViewControllers */ = {
			isa = PBXGroup;
			children = (
				97EC4800278E9D6000D98308 /* HomePageViewController.swift */,
				97BCB0D22791168D00F35FF5 /* SearchResultViewController.swift */,
				97EC4802278E9D7C00D98308 /* SuggestViewController.swift */,
				97EC4804278E9D8C00D98308 /* CommentViewController.swift */,
			);
			path = ViewControllers;
			sourceTree = "<group>";
		};
		97EC47FE278E9D0900D98308 /* View */ = {
			isa = PBXGroup;
			children = (
				97EC4806278E9DA600D98308 /* HomePageView.swift */,
				97BCB0D42791184600F35FF5 /* SearchResultView.swift */,
				97EC4808278E9DB600D98308 /* SuggestView.swift */,
				97EC480A278E9DC100D98308 /* CommentView.swift */,
			);
			path = View;
			sourceTree = "<group>";
		};
		97EC47FF278E9D1900D98308 /* Model */ = {
			isa = PBXGroup;
			children = (
				97EC480C278E9DD500D98308 /* Model.swift */,
			);
			path = Model;
			sourceTree = "<group>";
		};
		97EC480E278E9E0100D98308 /* TableViewCell */ = {
			isa = PBXGroup;
			children = (
				973245B327950E8400CE549D /* HomePageTableViewCell.swift */,
			);
			path = TableViewCell;
			sourceTree = "<group>";
		};
		97EC480F278E9E2B00D98308 /* CollectionViewCell */ = {
			isa = PBXGroup;
			children = (
				97EC4818278EC36500D98308 /* HomePageCollectionViewCell.swift */,
			);
			path = CollectionViewCell;
			sourceTree = "<group>";
		};
		97EC4810278E9EC400D98308 /* MovieAPI */ = {
			isa = PBXGroup;
			children = (
				97EC4811278E9F1D00D98308 /* MovieAPI.swift */,
				97EC4813278E9F2C00D98308 /* DataBase.swift */,
			);
			path = MovieAPI;
			sourceTree = "<group>";
		};
/* End PBXGroup section */

/* Begin PBXNativeTarget section */
		97EC47E5278D7C3B00D98308 /* WannaMovieAPP */ = {
			isa = PBXNativeTarget;
			buildConfigurationList = 97EC47FA278D7C3D00D98308 /* Build configuration list for PBXNativeTarget "WannaMovieAPP" */;
			buildPhases = (
				97EC47E2278D7C3B00D98308 /* Sources */,
				97EC47E3278D7C3B00D98308 /* Frameworks */,
				97EC47E4278D7C3B00D98308 /* Resources */,
			);
			buildRules = (
			);
			dependencies = (
			);
			name = WannaMovieAPP;
			packageProductDependencies = (
				97EC481D278ED7D900D98308 /* SnapKit */,
			);
			productName = WannaMovieAPP;
			productReference = 97EC47E6278D7C3B00D98308 /* WannaMovieAPP.app */;
			productType = "com.apple.product-type.application";
		};
/* End PBXNativeTarget section */

/* Begin PBXProject section */
		97EC47DE278D7C3B00D98308 /* Project object */ = {
			isa = PBXProject;
			attributes = {
				LastSwiftUpdateCheck = 1250;
				LastUpgradeCheck = 1250;
				TargetAttributes = {
					97EC47E5278D7C3B00D98308 = {
						CreatedOnToolsVersion = 12.5.1;
					};
				};
			};
			buildConfigurationList = 97EC47E1278D7C3B00D98308 /* Build configuration list for PBXProject "WannaMovieAPP" */;
			compatibilityVersion = "Xcode 9.3";
			developmentRegion = en;
			hasScannedForEncodings = 0;
			knownRegions = (
				en,
				Base,
			);
			mainGroup = 97EC47DD278D7C3B00D98308;
			packageReferences = (
				97EC481C278ED7D900D98308 /* XCRemoteSwiftPackageReference "SnapKit" */,
			);
			productRefGroup = 97EC47E7278D7C3B00D98308 /* Products */;
			projectDirPath = "";
			projectRoot = "";
			targets = (
				97EC47E5278D7C3B00D98308 /* WannaMovieAPP */,
			);
		};
/* End PBXProject section */

/* Begin PBXResourcesBuildPhase section */
		97EC47E4278D7C3B00D98308 /* Resources */ = {
			isa = PBXResourcesBuildPhase;
			buildActionMask = 2147483647;
			files = (
				97EC47F6278D7C3D00D98308 /* LaunchScreen.storyboard in Resources */,
				97EC47F3278D7C3D00D98308 /* Assets.xcassets in Resources */,
			);
			runOnlyForDeploymentPostprocessing = 0;
		};
/* End PBXResourcesBuildPhase section */

/* Begin PBXSourcesBuildPhase section */
		97EC47E2278D7C3B00D98308 /* Sources */ = {
			isa = PBXSourcesBuildPhase;
			buildActionMask = 2147483647;
			files = (
				97EC480B278E9DC100D98308 /* CommentView.swift in Sources */,
				97BCB0D52791184600F35FF5 /* SearchResultView.swift in Sources */,
				97EC4801278E9D6000D98308 /* HomePageViewController.swift in Sources */,
				97EC4819278EC36500D98308 /* HomePageCollectionViewCell.swift in Sources */,
				97EC4809278E9DB600D98308 /* SuggestView.swift in Sources */,
				97EC481B278ECB6600D98308 /* APIKey.swift in Sources */,
				97EC4807278E9DA600D98308 /* HomePageView.swift in Sources */,
				97EC4812278E9F1D00D98308 /* MovieAPI.swift in Sources */,
				97BCB0D32791168D00F35FF5 /* SearchResultViewController.swift in Sources */,
				97EC480D278E9DD500D98308 /* Model.swift in Sources */,
				97EC4805278E9D8C00D98308 /* CommentViewController.swift in Sources */,
				97EC47EA278D7C3B00D98308 /* AppDelegate.swift in Sources */,
				97EC4803278E9D7C00D98308 /* SuggestViewController.swift in Sources */,
				97EC4814278E9F2C00D98308 /* DataBase.swift in Sources */,
				973245B427950E8400CE549D /* HomePageTableViewCell.swift in Sources */,
				97EC47EC278D7C3B00D98308 /* SceneDelegate.swift in Sources */,
			);
			runOnlyForDeploymentPostprocessing = 0;
		};
/* End PBXSourcesBuildPhase section */

/* Begin PBXVariantGroup section */
		97EC47F4278D7C3D00D98308 /* LaunchScreen.storyboard */ = {
			isa = PBXVariantGroup;
			children = (
				97EC47F5278D7C3D00D98308 /* Base */,
			);
			name = LaunchScreen.storyboard;
			sourceTree = "<group>";
		};
/* End PBXVariantGroup section */

/* Begin XCBuildConfiguration section */
		97EC47F8278D7C3D00D98308 /* Debug */ = {
			isa = XCBuildConfiguration;
			buildSettings = {
				ALWAYS_SEARCH_USER_PATHS = NO;
				CLANG_ANALYZER_NONNULL = YES;
				CLANG_ANALYZER_NUMBER_OBJECT_CONVERSION = YES_AGGRESSIVE;
				CLANG_CXX_LANGUAGE_STANDARD = "gnu++14";
				CLANG_CXX_LIBRARY = "libc++";
				CLANG_ENABLE_MODULES = YES;
				CLANG_ENABLE_OBJC_ARC = YES;
				CLANG_ENABLE_OBJC_WEAK = YES;
				CLANG_WARN_BLOCK_CAPTURE_AUTORELEASING = YES;
				CLANG_WARN_BOOL_CONVERSION = YES;
				CLANG_WARN_COMMA = YES;
				CLANG_WARN_CONSTANT_CONVERSION = YES;
				CLANG_WARN_DEPRECATED_OBJC_IMPLEMENTATIONS = YES;
				CLANG_WARN_DIRECT_OBJC_ISA_USAGE = YES_ERROR;
				CLANG_WARN_DOCUMENTATION_COMMENTS = YES;
				CLANG_WARN_EMPTY_BODY = YES;
				CLANG_WARN_ENUM_CONVERSION = YES;
				CLANG_WARN_INFINITE_RECURSION = YES;
				CLANG_WARN_INT_CONVERSION = YES;
				CLANG_WARN_NON_LITERAL_NULL_CONVERSION = YES;
				CLANG_WARN_OBJC_IMPLICIT_RETAIN_SELF = YES;
				CLANG_WARN_OBJC_LITERAL_CONVERSION = YES;
				CLANG_WARN_OBJC_ROOT_CLASS = YES_ERROR;
				CLANG_WARN_QUOTED_INCLUDE_IN_FRAMEWORK_HEADER = YES;
				CLANG_WARN_RANGE_LOOP_ANALYSIS = YES;
				CLANG_WARN_STRICT_PROTOTYPES = YES;
				CLANG_WARN_SUSPICIOUS_MOVE = YES;
				CLANG_WARN_UNGUARDED_AVAILABILITY = YES_AGGRESSIVE;
				CLANG_WARN_UNREACHABLE_CODE = YES;
				CLANG_WARN__DUPLICATE_METHOD_MATCH = YES;
				COPY_PHASE_STRIP = NO;
				DEBUG_INFORMATION_FORMAT = dwarf;
				ENABLE_STRICT_OBJC_MSGSEND = YES;
				ENABLE_TESTABILITY = YES;
				GCC_C_LANGUAGE_STANDARD = gnu11;
				GCC_DYNAMIC_NO_PIC = NO;
				GCC_NO_COMMON_BLOCKS = YES;
				GCC_OPTIMIZATION_LEVEL = 0;
				GCC_PREPROCESSOR_DEFINITIONS = (
					"DEBUG=1",
					"$(inherited)",
				);
				GCC_WARN_64_TO_32_BIT_CONVERSION = YES;
				GCC_WARN_ABOUT_RETURN_TYPE = YES_ERROR;
				GCC_WARN_UNDECLARED_SELECTOR = YES;
				GCC_WARN_UNINITIALIZED_AUTOS = YES_AGGRESSIVE;
				GCC_WARN_UNUSED_FUNCTION = YES;
				GCC_WARN_UNUSED_VARIABLE = YES;
				IPHONEOS_DEPLOYMENT_TARGET = 14.5;
				MTL_ENABLE_DEBUG_INFO = INCLUDE_SOURCE;
				MTL_FAST_MATH = YES;
				ONLY_ACTIVE_ARCH = YES;
				SDKROOT = iphoneos;
				SWIFT_ACTIVE_COMPILATION_CONDITIONS = DEBUG;
				SWIFT_OPTIMIZATION_LEVEL = "-Onone";
			};
			name = Debug;
		};
		97EC47F9278D7C3D00D98308 /* Release */ = {
			isa = XCBuildConfiguration;
			buildSettings = {
				ALWAYS_SEARCH_USER_PATHS = NO;
				CLANG_ANALYZER_NONNULL = YES;
				CLANG_ANALYZER_NUMBER_OBJECT_CONVERSION = YES_AGGRESSIVE;
				CLANG_CXX_LANGUAGE_STANDARD = "gnu++14";
				CLANG_CXX_LIBRARY = "libc++";
				CLANG_ENABLE_MODULES = YES;
				CLANG_ENABLE_OBJC_ARC = YES;
				CLANG_ENABLE_OBJC_WEAK = YES;
				CLANG_WARN_BLOCK_CAPTURE_AUTORELEASING = YES;
				CLANG_WARN_BOOL_CONVERSION = YES;
				CLANG_WARN_COMMA = YES;
				CLANG_WARN_CONSTANT_CONVERSION = YES;
				CLANG_WARN_DEPRECATED_OBJC_IMPLEMENTATIONS = YES;
				CLANG_WARN_DIRECT_OBJC_ISA_USAGE = YES_ERROR;
				CLANG_WARN_DOCUMENTATION_COMMENTS = YES;
				CLANG_WARN_EMPTY_BODY = YES;
				CLANG_WARN_ENUM_CONVERSION = YES;
				CLANG_WARN_INFINITE_RECURSION = YES;
				CLANG_WARN_INT_CONVERSION = YES;
				CLANG_WARN_NON_LITERAL_NULL_CONVERSION = YES;
				CLANG_WARN_OBJC_IMPLICIT_RETAIN_SELF = YES;
				CLANG_WARN_OBJC_LITERAL_CONVERSION = YES;
				CLANG_WARN_OBJC_ROOT_CLASS = YES_ERROR;
				CLANG_WARN_QUOTED_INCLUDE_IN_FRAMEWORK_HEADER = YES;
				CLANG_WARN_RANGE_LOOP_ANALYSIS = YES;
				CLANG_WARN_STRICT_PROTOTYPES = YES;
				CLANG_WARN_SUSPICIOUS_MOVE = YES;
				CLANG_WARN_UNGUARDED_AVAILABILITY = YES_AGGRESSIVE;
				CLANG_WARN_UNREACHABLE_CODE = YES;
				CLANG_WARN__DUPLICATE_METHOD_MATCH = YES;
				COPY_PHASE_STRIP = NO;
				DEBUG_INFORMATION_FORMAT = "dwarf-with-dsym";
				ENABLE_NS_ASSERTIONS = NO;
				ENABLE_STRICT_OBJC_MSGSEND = YES;
				GCC_C_LANGUAGE_STANDARD = gnu11;
				GCC_NO_COMMON_BLOCKS = YES;
				GCC_WARN_64_TO_32_BIT_CONVERSION = YES;
				GCC_WARN_ABOUT_RETURN_TYPE = YES_ERROR;
				GCC_WARN_UNDECLARED_SELECTOR = YES;
				GCC_WARN_UNINITIALIZED_AUTOS = YES_AGGRESSIVE;
				GCC_WARN_UNUSED_FUNCTION = YES;
				GCC_WARN_UNUSED_VARIABLE = YES;
				IPHONEOS_DEPLOYMENT_TARGET = 14.5;
				MTL_ENABLE_DEBUG_INFO = NO;
				MTL_FAST_MATH = YES;
				SDKROOT = iphoneos;
				SWIFT_COMPILATION_MODE = wholemodule;
				SWIFT_OPTIMIZATION_LEVEL = "-O";
				VALIDATE_PRODUCT = YES;
			};
			name = Release;
		};
		97EC47FB278D7C3D00D98308 /* Debug */ = {
			isa = XCBuildConfiguration;
			buildSettings = {
				ASSETCATALOG_COMPILER_APPICON_NAME = AppIcon;
				ASSETCATALOG_COMPILER_GLOBAL_ACCENT_COLOR_NAME = AccentColor;
				CODE_SIGN_STYLE = Automatic;
				INFOPLIST_FILE = WannaMovieAPP/Info.plist;
				LD_RUNPATH_SEARCH_PATHS = (
					"$(inherited)",
					"@executable_path/Frameworks",
				);
				PRODUCT_BUNDLE_IDENTIFIER = testing.WannaMovieAPP;
				PRODUCT_NAME = "$(TARGET_NAME)";
				SWIFT_VERSION = 5.0;
				TARGETED_DEVICE_FAMILY = "1,2";
			};
			name = Debug;
		};
		97EC47FC278D7C3D00D98308 /* Release */ = {
			isa = XCBuildConfiguration;
			buildSettings = {
				ASSETCATALOG_COMPILER_APPICON_NAME = AppIcon;
				ASSETCATALOG_COMPILER_GLOBAL_ACCENT_COLOR_NAME = AccentColor;
				CODE_SIGN_STYLE = Automatic;
				INFOPLIST_FILE = WannaMovieAPP/Info.plist;
				LD_RUNPATH_SEARCH_PATHS = (
					"$(inherited)",
					"@executable_path/Frameworks",
				);
				PRODUCT_BUNDLE_IDENTIFIER = testing.WannaMovieAPP;
				PRODUCT_NAME = "$(TARGET_NAME)";
				SWIFT_VERSION = 5.0;
				TARGETED_DEVICE_FAMILY = "1,2";
			};
			name = Release;
		};
/* End XCBuildConfiguration section */

/* Begin XCConfigurationList section */
		97EC47E1278D7C3B00D98308 /* Build configuration list for PBXProject "WannaMovieAPP" */ = {
			isa = XCConfigurationList;
			buildConfigurations = (
				97EC47F8278D7C3D00D98308 /* Debug */,
				97EC47F9278D7C3D00D98308 /* Release */,
			);
			defaultConfigurationIsVisible = 0;
			defaultConfigurationName = Release;
		};
		97EC47FA278D7C3D00D98308 /* Build configuration list for PBXNativeTarget "WannaMovieAPP" */ = {
			isa = XCConfigurationList;
			buildConfigurations = (
				97EC47FB278D7C3D00D98308 /* Debug */,
				97EC47FC278D7C3D00D98308 /* Release */,
			);
			defaultConfigurationIsVisible = 0;
			defaultConfigurationName = Release;
		};
/* End XCConfigurationList section */

/* Begin XCRemoteSwiftPackageReference section */
		97EC481C278ED7D900D98308 /* XCRemoteSwiftPackageReference "SnapKit" */ = {
			isa = XCRemoteSwiftPackageReference;
			repositoryURL = "https://github.com/SnapKit/SnapKit";
			requirement = {
				kind = upToNextMajorVersion;
				minimumVersion = 5.0.1;
			};
		};
/* End XCRemoteSwiftPackageReference section */

/* Begin XCSwiftPackageProductDependency section */
		97EC481D278ED7D900D98308 /* SnapKit */ = {
			isa = XCSwiftPackageProductDependency;
			package = 97EC481C278ED7D900D98308 /* XCRemoteSwiftPackageReference "SnapKit" */;
			productName = SnapKit;
		};
/* End XCSwiftPackageProductDependency section */
	};
	rootObject = 97EC47DE278D7C3B00D98308 /* Project object */;
}
